{
  "name": "advent-of-code-2022",
  "version": "1.0.0",
  "lockfileVersion": 2,
  "requires": true,
  "packages": {
    "": {
      "name": "advent-of-code-2022",
      "version": "1.0.0",
      "license": "ISC",
      "dependencies": {
        "@types/node": "^18.11.10",
        "big-integer": "^1.6.51",
        "bigint-crypto-utils": "^3.1.8",
        "lodash": "^4.17.21",
        "nodemon": "^2.0.20",
        "ts-node": "^10.9.1",
        "tslib": "^2.4.1",
        "typescript": "^4.9.3"
      }
    },
    "node_modules/@cspotcode/source-map-support": {
      "version": "0.8.1",
      "resolved": "https://msazure.pkgs.visualstudio.com/One/_packaging/Sentinel/npm/registry/@cspotcode/source-map-support/-/source-map-support-0.8.1.tgz",
      "integrity": "sha1-AGKcNaaI4FqIsc2mhPudXnPwAKE=",
      "license": "MIT",
      "dependencies": {
        "@jridgewell/trace-mapping": "0.3.9"
      },
      "engines": {
        "node": ">=12"
      }
    },
    "node_modules/@jridgewell/resolve-uri": {
      "version": "3.1.0",
      "resolved": "https://msazure.pkgs.visualstudio.com/One/_packaging/Sentinel/npm/registry/@jridgewell/resolve-uri/-/resolve-uri-3.1.0.tgz",
      "integrity": "sha1-IgOxGMFXchrd/mnUe3BGVGMGbXg=",
      "license": "MIT",
      "engines": {
        "node": ">=6.0.0"
      }
    },
    "node_modules/@jridgewell/sourcemap-codec": {
      "version": "1.4.14",
      "resolved": "https://msazure.pkgs.visualstudio.com/One/_packaging/Sentinel/npm/registry/@jridgewell/sourcemap-codec/-/sourcemap-codec-1.4.14.tgz",
      "integrity": "sha1-rdTJjTQUcqKJGQtCTvvbCWmRuyQ=",
      "license": "MIT"
    },
    "node_modules/@jridgewell/trace-mapping": {
      "version": "0.3.9",
      "resolved": "https://msazure.pkgs.visualstudio.com/One/_packaging/Sentinel/npm/registry/@jridgewell/trace-mapping/-/trace-mapping-0.3.9.tgz",
      "integrity": "sha1-ZTT9WTOlO6fL86F2FeJzoNEnP/k=",
      "license": "MIT",
      "dependencies": {
        "@jridgewell/resolve-uri": "^3.0.3",
        "@jridgewell/sourcemap-codec": "^1.4.10"
      }
    },
    "node_modules/@tsconfig/node10": {
      "version": "1.0.9",
      "resolved": "https://msazure.pkgs.visualstudio.com/One/_packaging/Sentinel/npm/registry/@tsconfig/node10/-/node10-1.0.9.tgz",
      "integrity": "sha1-30kH/AeohpImN7FeAtTOvEwAIbI=",
      "license": "MIT"
    },
    "node_modules/@tsconfig/node12": {
      "version": "1.0.11",
      "resolved": "https://msazure.pkgs.visualstudio.com/One/_packaging/Sentinel/npm/registry/@tsconfig/node12/-/node12-1.0.11.tgz",
      "integrity": "sha1-7j3vHyfZ7WbaxuRqKVz/sBUuBY0=",
      "license": "MIT"
    },
    "node_modules/@tsconfig/node14": {
      "version": "1.0.3",
      "resolved": "https://msazure.pkgs.visualstudio.com/One/_packaging/Sentinel/npm/registry/@tsconfig/node14/-/node14-1.0.3.tgz",
      "integrity": "sha1-5DhjFihPALmENb9A9y91oJ2r9sE=",
      "license": "MIT"
    },
    "node_modules/@tsconfig/node16": {
      "version": "1.0.3",
      "resolved": "https://msazure.pkgs.visualstudio.com/One/_packaging/Sentinel/npm/registry/@tsconfig/node16/-/node16-1.0.3.tgz",
      "integrity": "sha1-Ry6qtfFcH/3X+GKL1MT3U5lex54=",
      "license": "MIT"
    },
    "node_modules/@types/node": {
      "version": "18.11.10",
      "resolved": "https://msazure.pkgs.visualstudio.com/One/_packaging/Sentinel/npm/registry/@types/node/-/node-18.11.10.tgz",
      "integrity": "sha1-TGR1nzwjQ7fmxLnK92HHo6Bc7jQ=",
      "license": "MIT"
    },
    "node_modules/abbrev": {
      "version": "1.1.1",
      "resolved": "https://msazure.pkgs.visualstudio.com/One/_packaging/Sentinel/npm/registry/abbrev/-/abbrev-1.1.1.tgz",
      "integrity": "sha1-+PLIh60Qv2f2NPAFtph/7TF5qsg=",
      "license": "ISC"
    },
    "node_modules/acorn": {
      "version": "8.8.1",
      "resolved": "https://msazure.pkgs.visualstudio.com/One/_packaging/Sentinel/npm/registry/acorn/-/acorn-8.8.1.tgz",
      "integrity": "sha1-Cj+cvsxOw76m8KgLZq6N0tolC3M=",
      "license": "MIT",
      "bin": {
        "acorn": "bin/acorn"
      },
      "engines": {
        "node": ">=0.4.0"
      }
    },
    "node_modules/acorn-walk": {
      "version": "8.2.0",
      "resolved": "https://msazure.pkgs.visualstudio.com/One/_packaging/Sentinel/npm/registry/acorn-walk/-/acorn-walk-8.2.0.tgz",
      "integrity": "sha1-dBIQ8uJCZFRQiFOi9E0KuDt/acE=",
      "license": "MIT",
      "engines": {
        "node": ">=0.4.0"
      }
    },
    "node_modules/anymatch": {
      "version": "3.1.3",
      "resolved": "https://msazure.pkgs.visualstudio.com/One/_packaging/Sentinel/npm/registry/anymatch/-/anymatch-3.1.3.tgz",
      "integrity": "sha1-eQxYsZuhcgqEIFtXxhjVrYUklz4=",
      "license": "ISC",
      "dependencies": {
        "normalize-path": "^3.0.0",
        "picomatch": "^2.0.4"
      },
      "engines": {
        "node": ">= 8"
      }
    },
    "node_modules/arg": {
      "version": "4.1.3",
      "resolved": "https://msazure.pkgs.visualstudio.com/One/_packaging/Sentinel/npm/registry/arg/-/arg-4.1.3.tgz",
      "integrity": "sha1-Jp/HrVuOQstjyJbVZmAXJhwUQIk=",
      "license": "MIT"
    },
    "node_modules/balanced-match": {
      "version": "1.0.2",
      "resolved": "https://msazure.pkgs.visualstudio.com/One/_packaging/Sentinel/npm/registry/balanced-match/-/balanced-match-1.0.2.tgz",
      "integrity": "sha1-6D46fj8wCzTLnYf2FfoMvzV2kO4=",
      "license": "MIT"
    },
    "node_modules/big-integer": {
      "version": "1.6.51",
      "resolved": "https://msazure.pkgs.visualstudio.com/One/_packaging/Sentinel/npm/registry/big-integer/-/big-integer-1.6.51.tgz",
      "integrity": "sha1-DfkqXZiAVg0/8tX9ICRciJ0TBoY=",
      "license": "Unlicense",
      "engines": {
        "node": ">=0.6"
      }
    },
    "node_modules/bigint-crypto-utils": {
      "version": "3.1.8",
      "resolved": "https://msazure.pkgs.visualstudio.com/One/_packaging/Sentinel/npm/registry/bigint-crypto-utils/-/bigint-crypto-utils-3.1.8.tgz",
      "integrity": "sha1-4uD0DPRUiPnX8OMv+EFSqnOBnV0=",
      "license": "MIT",
      "dependencies": {
        "bigint-mod-arith": "^3.1.0"
      },
      "engines": {
        "node": ">=10.4.0"
      }
    },
    "node_modules/bigint-mod-arith": {
      "version": "3.1.2",
      "resolved": "https://msazure.pkgs.visualstudio.com/One/_packaging/Sentinel/npm/registry/bigint-mod-arith/-/bigint-mod-arith-3.1.2.tgz",
      "integrity": "sha1-ZY5Ba8WTpGPZe1l2YibQowIadrE=",
      "license": "MIT",
      "engines": {
        "node": ">=10.4.0"
      }
    },
    "node_modules/binary-extensions": {
      "version": "2.2.0",
      "resolved": "https://msazure.pkgs.visualstudio.com/One/_packaging/Sentinel/npm/registry/binary-extensions/-/binary-extensions-2.2.0.tgz",
      "integrity": "sha1-dfUC7q+f/eQvyYgpZFvk6na9ni0=",
      "license": "MIT",
      "engines": {
        "node": ">=8"
      }
    },
    "node_modules/brace-expansion": {
      "version": "1.1.11",
      "resolved": "https://msazure.pkgs.visualstudio.com/One/_packaging/Sentinel/npm/registry/brace-expansion/-/brace-expansion-1.1.11.tgz",
      "integrity": "sha1-PH/L9SnYcibz0vUrlm/1Jx60Qd0=",
      "license": "MIT",
      "dependencies": {
        "balanced-match": "^1.0.0",
        "concat-map": "0.0.1"
      }
    },
    "node_modules/braces": {
      "version": "3.0.2",
      "resolved": "https://msazure.pkgs.visualstudio.com/One/_packaging/Sentinel/npm/registry/braces/-/braces-3.0.2.tgz",
      "integrity": "sha1-NFThpGLujVmeI23zNs2epPiv4Qc=",
      "license": "MIT",
      "dependencies": {
        "fill-range": "^7.0.1"
      },
      "engines": {
        "node": ">=8"
      }
    },
    "node_modules/chokidar": {
      "version": "3.5.3",
      "resolved": "https://msazure.pkgs.visualstudio.com/One/_packaging/Sentinel/npm/registry/chokidar/-/chokidar-3.5.3.tgz",
      "integrity": "sha1-HPN8hwe5Mr0a8a4iwEMuKs0ZA70=",
      "funding": [
        {
          "type": "individual",
          "url": "https://paulmillr.com/funding/"
        }
      ],
      "license": "MIT",
      "dependencies": {
        "anymatch": "~3.1.2",
        "braces": "~3.0.2",
        "glob-parent": "~5.1.2",
        "is-binary-path": "~2.1.0",
        "is-glob": "~4.0.1",
        "normalize-path": "~3.0.0",
        "readdirp": "~3.6.0"
      },
      "engines": {
        "node": ">= 8.10.0"
      },
      "optionalDependencies": {
        "fsevents": "~2.3.2"
      }
    },
    "node_modules/concat-map": {
      "version": "0.0.1",
      "resolved": "https://msazure.pkgs.visualstudio.com/One/_packaging/Sentinel/npm/registry/concat-map/-/concat-map-0.0.1.tgz",
      "integrity": "sha1-2Klr13/Wjfd5OnMDajug1UBdR3s=",
      "license": "MIT"
    },
    "node_modules/create-require": {
      "version": "1.1.1",
      "resolved": "https://msazure.pkgs.visualstudio.com/One/_packaging/Sentinel/npm/registry/create-require/-/create-require-1.1.1.tgz",
      "integrity": "sha1-wdfo8eX2z8n/ZfnNNS03NIdWwzM=",
      "license": "MIT"
    },
    "node_modules/debug": {
      "version": "3.2.7",
      "resolved": "https://msazure.pkgs.visualstudio.com/One/_packaging/Sentinel/npm/registry/debug/-/debug-3.2.7.tgz",
      "integrity": "sha1-clgLfpFF+zm2Z2+cXl+xALk0F5o=",
      "license": "MIT",
      "dependencies": {
        "ms": "^2.1.1"
      }
    },
    "node_modules/diff": {
      "version": "4.0.2",
      "resolved": "https://msazure.pkgs.visualstudio.com/One/_packaging/Sentinel/npm/registry/diff/-/diff-4.0.2.tgz",
      "integrity": "sha1-YPOuy4nV+uUgwRqhnvwruYKq3n0=",
      "license": "BSD-3-Clause",
      "engines": {
        "node": ">=0.3.1"
      }
    },
    "node_modules/fill-range": {
      "version": "7.0.1",
      "resolved": "https://msazure.pkgs.visualstudio.com/One/_packaging/Sentinel/npm/registry/fill-range/-/fill-range-7.0.1.tgz",
      "integrity": "sha1-GRmmp8df44ssfHflGYU12prN2kA=",
      "license": "MIT",
      "dependencies": {
        "to-regex-range": "^5.0.1"
      },
      "engines": {
        "node": ">=8"
      }
    },
    "node_modules/fsevents": {
      "version": "2.3.2",
      "resolved": "https://msazure.pkgs.visualstudio.com/One/_packaging/Sentinel/npm/registry/fsevents/-/fsevents-2.3.2.tgz",
      "integrity": "sha1-ilJveLj99GI7cJ4Ll1xSwkwC/Ro=",
      "license": "MIT",
      "optional": true,
      "os": [
        "darwin"
      ],
      "engines": {
        "node": "^8.16.0 || ^10.6.0 || >=11.0.0"
      }
    },
    "node_modules/glob-parent": {
      "version": "5.1.2",
      "resolved": "https://msazure.pkgs.visualstudio.com/One/_packaging/Sentinel/npm/registry/glob-parent/-/glob-parent-5.1.2.tgz",
      "integrity": "sha1-hpgyxYA0/mikCTwX3BXoNA2EAcQ=",
      "license": "ISC",
      "dependencies": {
        "is-glob": "^4.0.1"
      },
      "engines": {
        "node": ">= 6"
      }
    },
    "node_modules/has-flag": {
      "version": "3.0.0",
      "resolved": "https://msazure.pkgs.visualstudio.com/One/_packaging/Sentinel/npm/registry/has-flag/-/has-flag-3.0.0.tgz",
      "integrity": "sha1-tdRU3CGZriJWmfNGfloH87lVuv0=",
      "license": "MIT",
      "engines": {
        "node": ">=4"
      }
    },
    "node_modules/ignore-by-default": {
      "version": "1.0.1",
      "resolved": "https://msazure.pkgs.visualstudio.com/One/_packaging/Sentinel/npm/registry/ignore-by-default/-/ignore-by-default-1.0.1.tgz",
      "integrity": "sha1-SMptcvbGo68Aqa1K5odr44ieKwk=",
      "license": "ISC"
    },
    "node_modules/is-binary-path": {
      "version": "2.1.0",
      "resolved": "https://msazure.pkgs.visualstudio.com/One/_packaging/Sentinel/npm/registry/is-binary-path/-/is-binary-path-2.1.0.tgz",
      "integrity": "sha1-6h9/O4DwZCNug0cPhsCcJU+0Wwk=",
      "license": "MIT",
      "dependencies": {
        "binary-extensions": "^2.0.0"
      },
      "engines": {
        "node": ">=8"
      }
    },
    "node_modules/is-extglob": {
      "version": "2.1.1",
      "resolved": "https://msazure.pkgs.visualstudio.com/One/_packaging/Sentinel/npm/registry/is-extglob/-/is-extglob-2.1.1.tgz",
      "integrity": "sha1-qIwCU1eR8C7TfHahueqXc8gz+MI=",
      "license": "MIT",
      "engines": {
        "node": ">=0.10.0"
      }
    },
    "node_modules/is-glob": {
      "version": "4.0.3",
      "resolved": "https://msazure.pkgs.visualstudio.com/One/_packaging/Sentinel/npm/registry/is-glob/-/is-glob-4.0.3.tgz",
      "integrity": "sha1-ZPYeQsu7LuwgcanawLKLoeZdUIQ=",
      "license": "MIT",
      "dependencies": {
        "is-extglob": "^2.1.1"
      },
      "engines": {
        "node": ">=0.10.0"
      }
    },
    "node_modules/is-number": {
      "version": "7.0.0",
      "resolved": "https://msazure.pkgs.visualstudio.com/One/_packaging/Sentinel/npm/registry/is-number/-/is-number-7.0.0.tgz",
      "integrity": "sha1-dTU0W4lnNNX4DE0GxQlVUnoU8Ss=",
      "license": "MIT",
      "engines": {
        "node": ">=0.12.0"
      }
    },
    "node_modules/lodash": {
      "version": "4.17.21",
      "resolved": "https://msazure.pkgs.visualstudio.com/One/_packaging/Sentinel/npm/registry/lodash/-/lodash-4.17.21.tgz",
      "integrity": "sha1-Z5WRxWTDv/quhFTPCz3zcMPWkRw=",
      "license": "MIT"
    },
    "node_modules/make-error": {
      "version": "1.3.6",
      "resolved": "https://msazure.pkgs.visualstudio.com/One/_packaging/Sentinel/npm/registry/make-error/-/make-error-1.3.6.tgz",
      "integrity": "sha1-LrLjfqm2fEiR9oShOUeZr0hM96I=",
      "license": "ISC"
    },
    "node_modules/minimatch": {
      "version": "3.1.2",
      "resolved": "https://msazure.pkgs.visualstudio.com/One/_packaging/Sentinel/npm/registry/minimatch/-/minimatch-3.1.2.tgz",
      "integrity": "sha1-Gc0ZS/0+Qo8EmnCBfAONiatL41s=",
      "license": "ISC",
      "dependencies": {
        "brace-expansion": "^1.1.7"
      },
      "engines": {
        "node": "*"
      }
    },
    "node_modules/ms": {
      "version": "2.1.3",
      "resolved": "https://msazure.pkgs.visualstudio.com/One/_packaging/Sentinel/npm/registry/ms/-/ms-2.1.3.tgz",
      "integrity": "sha1-V0yBOM4dK1hh8LRFedut1gxmFbI=",
      "license": "MIT"
    },
    "node_modules/nodemon": {
      "version": "2.0.20",
      "resolved": "https://msazure.pkgs.visualstudio.com/One/_packaging/Sentinel/npm/registry/nodemon/-/nodemon-2.0.20.tgz",
      "integrity": "sha1-41N952ikkujXTaXFgTywx0hvxwE=",
      "license": "MIT",
      "dependencies": {
        "chokidar": "^3.5.2",
        "debug": "^3.2.7",
        "ignore-by-default": "^1.0.1",
        "minimatch": "^3.1.2",
        "pstree.remy": "^1.1.8",
        "semver": "^5.7.1",
        "simple-update-notifier": "^1.0.7",
        "supports-color": "^5.5.0",
        "touch": "^3.1.0",
        "undefsafe": "^2.0.5"
      },
      "bin": {
        "nodemon": "bin/nodemon.js"
      },
      "engines": {
        "node": ">=8.10.0"
      },
      "funding": {
        "type": "opencollective",
        "url": "https://opencollective.com/nodemon"
      }
    },
    "node_modules/nopt": {
      "version": "1.0.10",
      "resolved": "https://msazure.pkgs.visualstudio.com/One/_packaging/Sentinel/npm/registry/nopt/-/nopt-1.0.10.tgz",
      "integrity": "sha1-bd0hvSoxQXuScn3Vhfim83YI6+4=",
      "license": "MIT (https://github.com/isaacs/nopt/raw/master/LICENSE)",
      "dependencies": {
        "abbrev": "1"
      },
      "bin": {
        "nopt": "bin/nopt.js"
      }
    },
    "node_modules/normalize-path": {
      "version": "3.0.0",
      "resolved": "https://msazure.pkgs.visualstudio.com/One/_packaging/Sentinel/npm/registry/normalize-path/-/normalize-path-3.0.0.tgz",
      "integrity": "sha1-Dc1p/yOhybEf0JeDFmRKA4ghamU=",
      "license": "MIT",
      "engines": {
        "node": ">=0.10.0"
      }
    },
    "node_modules/picomatch": {
      "version": "2.3.1",
      "resolved": "https://msazure.pkgs.visualstudio.com/One/_packaging/Sentinel/npm/registry/picomatch/-/picomatch-2.3.1.tgz",
      "integrity": "sha1-O6ODNzNkbZ0+SZWUbBNlpn+wekI=",
      "license": "MIT",
      "engines": {
        "node": ">=8.6"
      },
      "funding": {
        "url": "https://github.com/sponsors/jonschlinkert"
      }
    },
    "node_modules/pstree.remy": {
      "version": "1.1.8",
      "resolved": "https://msazure.pkgs.visualstudio.com/One/_packaging/Sentinel/npm/registry/pstree.remy/-/pstree.remy-1.1.8.tgz",
      "integrity": "sha1-wkIiT0pnwh9oaDm720rCgrg3PTo=",
      "license": "MIT"
    },
    "node_modules/readdirp": {
      "version": "3.6.0",
      "resolved": "https://msazure.pkgs.visualstudio.com/One/_packaging/Sentinel/npm/registry/readdirp/-/readdirp-3.6.0.tgz",
      "integrity": "sha1-dKNwvYVxFuJFspzJc0DNQxoCpsc=",
      "license": "MIT",
      "dependencies": {
        "picomatch": "^2.2.1"
      },
      "engines": {
        "node": ">=8.10.0"
      }
    },
    "node_modules/semver": {
      "version": "5.7.1",
      "resolved": "https://msazure.pkgs.visualstudio.com/One/_packaging/Sentinel/npm/registry/semver/-/semver-5.7.1.tgz",
      "integrity": "sha1-qVT5Ma66UI0we78Gnv8MAclhFvc=",
      "license": "ISC",
      "bin": {
        "semver": "bin/semver"
      }
    },
    "node_modules/simple-update-notifier": {
      "version": "1.1.0",
      "resolved": "https://msazure.pkgs.visualstudio.com/One/_packaging/Sentinel/npm/registry/simple-update-notifier/-/simple-update-notifier-1.1.0.tgz",
      "integrity": "sha1-Z2lMEh3jVK9ZKzR826eYRj7UnII=",
      "license": "MIT",
      "dependencies": {
        "semver": "~7.0.0"
      },
      "engines": {
        "node": ">=8.10.0"
      }
    },
    "node_modules/simple-update-notifier/node_modules/semver": {
      "version": "7.0.0",
      "resolved": "https://msazure.pkgs.visualstudio.com/One/_packaging/Sentinel/npm/registry/semver/-/semver-7.0.0.tgz",
      "integrity": "sha1-XzyjV2HkfgWyBsba/yz4FPAxa44=",
      "license": "ISC",
      "bin": {
        "semver": "bin/semver.js"
      }
    },
    "node_modules/supports-color": {
      "version": "5.5.0",
      "resolved": "https://msazure.pkgs.visualstudio.com/One/_packaging/Sentinel/npm/registry/supports-color/-/supports-color-5.5.0.tgz",
      "integrity": "sha1-4uaaRKyHcveKHsCzW2id9lMO/I8=",
      "license": "MIT",
      "dependencies": {
        "has-flag": "^3.0.0"
      },
      "engines": {
        "node": ">=4"
      }
    },
    "node_modules/to-regex-range": {
      "version": "5.0.1",
      "resolved": "https://msazure.pkgs.visualstudio.com/One/_packaging/Sentinel/npm/registry/to-regex-range/-/to-regex-range-5.0.1.tgz",
      "integrity": "sha1-FkjESq58jZiKMmAY7XL1tN0DkuQ=",
      "license": "MIT",
      "dependencies": {
        "is-number": "^7.0.0"
      },
      "engines": {
        "node": ">=8.0"
      }
    },
    "node_modules/touch": {
      "version": "3.1.0",
      "resolved": "https://msazure.pkgs.visualstudio.com/One/_packaging/Sentinel/npm/registry/touch/-/touch-3.1.0.tgz",
      "integrity": "sha1-/jZfX3XsntTlaCXgu3bSSrdK+Ds=",
      "license": "ISC",
      "dependencies": {
        "nopt": "~1.0.10"
      },
      "bin": {
        "nodetouch": "bin/nodetouch.js"
      }
    },
    "node_modules/ts-node": {
      "version": "10.9.1",
      "resolved": "https://msazure.pkgs.visualstudio.com/One/_packaging/Sentinel/npm/registry/ts-node/-/ts-node-10.9.1.tgz",
      "integrity": "sha1-5z3pEClYr54fCxaKb/Mg4lrc/0s=",
      "license": "MIT",
      "dependencies": {
        "@cspotcode/source-map-support": "^0.8.0",
        "@tsconfig/node10": "^1.0.7",
        "@tsconfig/node12": "^1.0.7",
        "@tsconfig/node14": "^1.0.0",
        "@tsconfig/node16": "^1.0.2",
        "acorn": "^8.4.1",
        "acorn-walk": "^8.1.1",
        "arg": "^4.1.0",
        "create-require": "^1.1.0",
        "diff": "^4.0.1",
        "make-error": "^1.1.1",
        "v8-compile-cache-lib": "^3.0.1",
        "yn": "3.1.1"
      },
      "bin": {
        "ts-node": "dist/bin.js",
        "ts-node-cwd": "dist/bin-cwd.js",
        "ts-node-esm": "dist/bin-esm.js",
        "ts-node-script": "dist/bin-script.js",
        "ts-node-transpile-only": "dist/bin-transpile.js",
        "ts-script": "dist/bin-script-deprecated.js"
      },
      "peerDependencies": {
        "@swc/core": ">=1.2.50",
        "@swc/wasm": ">=1.2.50",
        "@types/node": "*",
        "typescript": ">=2.7"
      },
      "peerDependenciesMeta": {
        "@swc/core": {
          "optional": true
        },
        "@swc/wasm": {
          "optional": true
        }
      }
    },
    "node_modules/tslib": {
      "version": "2.4.1",
      "resolved": "https://msazure.pkgs.visualstudio.com/One/_packaging/Sentinel/npm/registry/tslib/-/tslib-2.4.1.tgz",
      "integrity": "sha1-DQv7qsKIC5HiLfB2jlW+l1OlsX4=",
      "license": "0BSD"
    },
    "node_modules/typescript": {
      "version": "4.9.3",
      "resolved": "https://msazure.pkgs.visualstudio.com/One/_packaging/Sentinel/npm/registry/typescript/-/typescript-4.9.3.tgz",
      "integrity": "sha1-OuowfBdGuMOEQ12Kw2uKLlgNhds=",
      "license": "Apache-2.0",
      "bin": {
        "tsc": "bin/tsc",
        "tsserver": "bin/tsserver"
      },
      "engines": {
        "node": ">=4.2.0"
      }
    },
    "node_modules/undefsafe": {
      "version": "2.0.5",
      "resolved": "https://msazure.pkgs.visualstudio.com/One/_packaging/Sentinel/npm/registry/undefsafe/-/undefsafe-2.0.5.tgz",
      "integrity": "sha1-OHM7kye9zSJtuIn7cjpu/RYubiw=",
      "license": "MIT"
    },
    "node_modules/v8-compile-cache-lib": {
      "version": "3.0.1",
      "resolved": "https://msazure.pkgs.visualstudio.com/One/_packaging/Sentinel/npm/registry/v8-compile-cache-lib/-/v8-compile-cache-lib-3.0.1.tgz",
      "integrity": "sha1-Yzbo1xllyz01obu3hoRFp8BSZL8=",
      "license": "MIT"
    },
    "node_modules/yn": {
      "version": "3.1.1",
      "resolved": "https://msazure.pkgs.visualstudio.com/One/_packaging/Sentinel/npm/registry/yn/-/yn-3.1.1.tgz",
      "integrity": "sha1-HodAGgnXZ8HV6rJqbkwYUYLS61A=",
      "license": "MIT",
      "engines": {
        "node": ">=6"
      }
    }
  },
  "dependencies": {
    "@cspotcode/source-map-support": {
      "version": "0.8.1",
      "resolved": "https://msazure.pkgs.visualstudio.com/One/_packaging/Sentinel/npm/registry/@cspotcode/source-map-support/-/source-map-support-0.8.1.tgz",
      "integrity": "sha1-AGKcNaaI4FqIsc2mhPudXnPwAKE=",
      "requires": {
        "@jridgewell/trace-mapping": "0.3.9"
      }
    },
    "@jridgewell/resolve-uri": {
      "version": "3.1.0",
      "resolved": "https://msazure.pkgs.visualstudio.com/One/_packaging/Sentinel/npm/registry/@jridgewell/resolve-uri/-/resolve-uri-3.1.0.tgz",
      "integrity": "sha1-IgOxGMFXchrd/mnUe3BGVGMGbXg="
    },
    "@jridgewell/sourcemap-codec": {
      "version": "1.4.14",
      "resolved": "https://msazure.pkgs.visualstudio.com/One/_packaging/Sentinel/npm/registry/@jridgewell/sourcemap-codec/-/sourcemap-codec-1.4.14.tgz",
      "integrity": "sha1-rdTJjTQUcqKJGQtCTvvbCWmRuyQ="
    },
    "@jridgewell/trace-mapping": {
      "version": "0.3.9",
      "resolved": "https://msazure.pkgs.visualstudio.com/One/_packaging/Sentinel/npm/registry/@jridgewell/trace-mapping/-/trace-mapping-0.3.9.tgz",
      "integrity": "sha1-ZTT9WTOlO6fL86F2FeJzoNEnP/k=",
      "requires": {
        "@jridgewell/resolve-uri": "^3.0.3",
        "@jridgewell/sourcemap-codec": "^1.4.10"
      }
    },
    "@tsconfig/node10": {
      "version": "1.0.9",
      "resolved": "https://msazure.pkgs.visualstudio.com/One/_packaging/Sentinel/npm/registry/@tsconfig/node10/-/node10-1.0.9.tgz",
      "integrity": "sha1-30kH/AeohpImN7FeAtTOvEwAIbI="
    },
    "@tsconfig/node12": {
      "version": "1.0.11",
      "resolved": "https://msazure.pkgs.visualstudio.com/One/_packaging/Sentinel/npm/registry/@tsconfig/node12/-/node12-1.0.11.tgz",
      "integrity": "sha1-7j3vHyfZ7WbaxuRqKVz/sBUuBY0="
    },
    "@tsconfig/node14": {
      "version": "1.0.3",
      "resolved": "https://msazure.pkgs.visualstudio.com/One/_packaging/Sentinel/npm/registry/@tsconfig/node14/-/node14-1.0.3.tgz",
      "integrity": "sha1-5DhjFihPALmENb9A9y91oJ2r9sE="
    },
    "@tsconfig/node16": {
      "version": "1.0.3",
      "resolved": "https://msazure.pkgs.visualstudio.com/One/_packaging/Sentinel/npm/registry/@tsconfig/node16/-/node16-1.0.3.tgz",
      "integrity": "sha1-Ry6qtfFcH/3X+GKL1MT3U5lex54="
    },
    "@types/node": {
      "version": "18.11.10",
      "resolved": "https://msazure.pkgs.visualstudio.com/One/_packaging/Sentinel/npm/registry/@types/node/-/node-18.11.10.tgz",
      "integrity": "sha1-TGR1nzwjQ7fmxLnK92HHo6Bc7jQ="
    },
    "abbrev": {
      "version": "1.1.1",
      "resolved": "https://msazure.pkgs.visualstudio.com/One/_packaging/Sentinel/npm/registry/abbrev/-/abbrev-1.1.1.tgz",
      "integrity": "sha1-+PLIh60Qv2f2NPAFtph/7TF5qsg="
    },
    "acorn": {
      "version": "8.8.1",
      "resolved": "https://msazure.pkgs.visualstudio.com/One/_packaging/Sentinel/npm/registry/acorn/-/acorn-8.8.1.tgz",
      "integrity": "sha1-Cj+cvsxOw76m8KgLZq6N0tolC3M="
    },
    "acorn-walk": {
      "version": "8.2.0",
      "resolved": "https://msazure.pkgs.visualstudio.com/One/_packaging/Sentinel/npm/registry/acorn-walk/-/acorn-walk-8.2.0.tgz",
      "integrity": "sha1-dBIQ8uJCZFRQiFOi9E0KuDt/acE="
    },
    "anymatch": {
      "version": "3.1.3",
      "resolved": "https://msazure.pkgs.visualstudio.com/One/_packaging/Sentinel/npm/registry/anymatch/-/anymatch-3.1.3.tgz",
      "integrity": "sha1-eQxYsZuhcgqEIFtXxhjVrYUklz4=",
      "requires": {
        "normalize-path": "^3.0.0",
        "picomatch": "^2.0.4"
      }
    },
    "arg": {
      "version": "4.1.3",
      "resolved": "https://msazure.pkgs.visualstudio.com/One/_packaging/Sentinel/npm/registry/arg/-/arg-4.1.3.tgz",
      "integrity": "sha1-Jp/HrVuOQstjyJbVZmAXJhwUQIk="
    },
    "balanced-match": {
      "version": "1.0.2",
      "resolved": "https://msazure.pkgs.visualstudio.com/One/_packaging/Sentinel/npm/registry/balanced-match/-/balanced-match-1.0.2.tgz",
      "integrity": "sha1-6D46fj8wCzTLnYf2FfoMvzV2kO4="
    },
    "big-integer": {
      "version": "1.6.51",
      "resolved": "https://msazure.pkgs.visualstudio.com/One/_packaging/Sentinel/npm/registry/big-integer/-/big-integer-1.6.51.tgz",
      "integrity": "sha1-DfkqXZiAVg0/8tX9ICRciJ0TBoY="
    },
    "bigint-crypto-utils": {
      "version": "3.1.8",
      "resolved": "https://msazure.pkgs.visualstudio.com/One/_packaging/Sentinel/npm/registry/bigint-crypto-utils/-/bigint-crypto-utils-3.1.8.tgz",
      "integrity": "sha1-4uD0DPRUiPnX8OMv+EFSqnOBnV0=",
      "requires": {
        "bigint-mod-arith": "^3.1.0"
      }
    },
    "bigint-mod-arith": {
      "version": "3.1.2",
      "resolved": "https://msazure.pkgs.visualstudio.com/One/_packaging/Sentinel/npm/registry/bigint-mod-arith/-/bigint-mod-arith-3.1.2.tgz",
      "integrity": "sha1-ZY5Ba8WTpGPZe1l2YibQowIadrE="
    },
    "binary-extensions": {
      "version": "2.2.0",
      "resolved": "https://msazure.pkgs.visualstudio.com/One/_packaging/Sentinel/npm/registry/binary-extensions/-/binary-extensions-2.2.0.tgz",
      "integrity": "sha1-dfUC7q+f/eQvyYgpZFvk6na9ni0="
    },
    "brace-expansion": {
      "version": "1.1.11",
      "resolved": "https://msazure.pkgs.visualstudio.com/One/_packaging/Sentinel/npm/registry/brace-expansion/-/brace-expansion-1.1.11.tgz",
      "integrity": "sha1-PH/L9SnYcibz0vUrlm/1Jx60Qd0=",
      "requires": {
        "balanced-match": "^1.0.0",
        "concat-map": "0.0.1"
      }
    },
    "braces": {
      "version": "3.0.2",
      "resolved": "https://msazure.pkgs.visualstudio.com/One/_packaging/Sentinel/npm/registry/braces/-/braces-3.0.2.tgz",
      "integrity": "sha1-NFThpGLujVmeI23zNs2epPiv4Qc=",
      "requires": {
        "fill-range": "^7.0.1"
      }
    },
    "chokidar": {
      "version": "3.5.3",
      "resolved": "https://msazure.pkgs.visualstudio.com/One/_packaging/Sentinel/npm/registry/chokidar/-/chokidar-3.5.3.tgz",
      "integrity": "sha1-HPN8hwe5Mr0a8a4iwEMuKs0ZA70=",
      "requires": {
        "anymatch": "~3.1.2",
        "braces": "~3.0.2",
        "fsevents": "~2.3.2",
        "glob-parent": "~5.1.2",
        "is-binary-path": "~2.1.0",
        "is-glob": "~4.0.1",
        "normalize-path": "~3.0.0",
        "readdirp": "~3.6.0"
      }
    },
    "concat-map": {
      "version": "0.0.1",
      "resolved": "https://msazure.pkgs.visualstudio.com/One/_packaging/Sentinel/npm/registry/concat-map/-/concat-map-0.0.1.tgz",
      "integrity": "sha1-2Klr13/Wjfd5OnMDajug1UBdR3s="
    },
    "create-require": {
      "version": "1.1.1",
      "resolved": "https://msazure.pkgs.visualstudio.com/One/_packaging/Sentinel/npm/registry/create-require/-/create-require-1.1.1.tgz",
      "integrity": "sha1-wdfo8eX2z8n/ZfnNNS03NIdWwzM="
    },
    "debug": {
      "version": "3.2.7",
      "resolved": "https://msazure.pkgs.visualstudio.com/One/_packaging/Sentinel/npm/registry/debug/-/debug-3.2.7.tgz",
      "integrity": "sha1-clgLfpFF+zm2Z2+cXl+xALk0F5o=",
      "requires": {
        "ms": "^2.1.1"
      }
    },
    "diff": {
      "version": "4.0.2",
      "resolved": "https://msazure.pkgs.visualstudio.com/One/_packaging/Sentinel/npm/registry/diff/-/diff-4.0.2.tgz",
      "integrity": "sha1-YPOuy4nV+uUgwRqhnvwruYKq3n0="
    },
    "fill-range": {
      "version": "7.0.1",
      "resolved": "https://msazure.pkgs.visualstudio.com/One/_packaging/Sentinel/npm/registry/fill-range/-/fill-range-7.0.1.tgz",
      "integrity": "sha1-GRmmp8df44ssfHflGYU12prN2kA=",
      "requires": {
        "to-regex-range": "^5.0.1"
      }
    },
    "fsevents": {
      "version": "2.3.2",
      "resolved": "https://msazure.pkgs.visualstudio.com/One/_packaging/Sentinel/npm/registry/fsevents/-/fsevents-2.3.2.tgz",
      "integrity": "sha1-ilJveLj99GI7cJ4Ll1xSwkwC/Ro=",
      "optional": true
    },
    "glob-parent": {
      "version": "5.1.2",
      "resolved": "https://msazure.pkgs.visualstudio.com/One/_packaging/Sentinel/npm/registry/glob-parent/-/glob-parent-5.1.2.tgz",
      "integrity": "sha1-hpgyxYA0/mikCTwX3BXoNA2EAcQ=",
      "requires": {
        "is-glob": "^4.0.1"
      }
    },
    "has-flag": {
      "version": "3.0.0",
      "resolved": "https://msazure.pkgs.visualstudio.com/One/_packaging/Sentinel/npm/registry/has-flag/-/has-flag-3.0.0.tgz",
      "integrity": "sha1-tdRU3CGZriJWmfNGfloH87lVuv0="
    },
    "ignore-by-default": {
      "version": "1.0.1",
      "resolved": "https://msazure.pkgs.visualstudio.com/One/_packaging/Sentinel/npm/registry/ignore-by-default/-/ignore-by-default-1.0.1.tgz",
      "integrity": "sha1-SMptcvbGo68Aqa1K5odr44ieKwk="
    },
    "is-binary-path": {
      "version": "2.1.0",
      "resolved": "https://msazure.pkgs.visualstudio.com/One/_packaging/Sentinel/npm/registry/is-binary-path/-/is-binary-path-2.1.0.tgz",
      "integrity": "sha1-6h9/O4DwZCNug0cPhsCcJU+0Wwk=",
      "requires": {
        "binary-extensions": "^2.0.0"
      }
    },
    "is-extglob": {
      "version": "2.1.1",
      "resolved": "https://msazure.pkgs.visualstudio.com/One/_packaging/Sentinel/npm/registry/is-extglob/-/is-extglob-2.1.1.tgz",
      "integrity": "sha1-qIwCU1eR8C7TfHahueqXc8gz+MI="
    },
    "is-glob": {
      "version": "4.0.3",
      "resolved": "https://msazure.pkgs.visualstudio.com/One/_packaging/Sentinel/npm/registry/is-glob/-/is-glob-4.0.3.tgz",
      "integrity": "sha1-ZPYeQsu7LuwgcanawLKLoeZdUIQ=",
      "requires": {
        "is-extglob": "^2.1.1"
      }
    },
    "is-number": {
      "version": "7.0.0",
      "resolved": "https://msazure.pkgs.visualstudio.com/One/_packaging/Sentinel/npm/registry/is-number/-/is-number-7.0.0.tgz",
      "integrity": "sha1-dTU0W4lnNNX4DE0GxQlVUnoU8Ss="
    },
    "lodash": {
      "version": "4.17.21",
      "resolved": "https://msazure.pkgs.visualstudio.com/One/_packaging/Sentinel/npm/registry/lodash/-/lodash-4.17.21.tgz",
      "integrity": "sha1-Z5WRxWTDv/quhFTPCz3zcMPWkRw="
    },
    "make-error": {
      "version": "1.3.6",
      "resolved": "https://msazure.pkgs.visualstudio.com/One/_packaging/Sentinel/npm/registry/make-error/-/make-error-1.3.6.tgz",
      "integrity": "sha1-LrLjfqm2fEiR9oShOUeZr0hM96I="
    },
    "minimatch": {
      "version": "3.1.2",
      "resolved": "https://msazure.pkgs.visualstudio.com/One/_packaging/Sentinel/npm/registry/minimatch/-/minimatch-3.1.2.tgz",
      "integrity": "sha1-Gc0ZS/0+Qo8EmnCBfAONiatL41s=",
      "requires": {
        "brace-expansion": "^1.1.7"
      }
    },
    "ms": {
      "version": "2.1.3",
      "resolved": "https://msazure.pkgs.visualstudio.com/One/_packaging/Sentinel/npm/registry/ms/-/ms-2.1.3.tgz",
      "integrity": "sha1-V0yBOM4dK1hh8LRFedut1gxmFbI="
    },
    "nodemon": {
      "version": "2.0.20",
      "resolved": "https://msazure.pkgs.visualstudio.com/One/_packaging/Sentinel/npm/registry/nodemon/-/nodemon-2.0.20.tgz",
      "integrity": "sha1-41N952ikkujXTaXFgTywx0hvxwE=",
      "requires": {
        "chokidar": "^3.5.2",
        "debug": "^3.2.7",
        "ignore-by-default": "^1.0.1",
        "minimatch": "^3.1.2",
        "pstree.remy": "^1.1.8",
        "semver": "^5.7.1",
        "simple-update-notifier": "^1.0.7",
        "supports-color": "^5.5.0",
        "touch": "^3.1.0",
        "undefsafe": "^2.0.5"
      }
    },
    "nopt": {
      "version": "1.0.10",
      "resolved": "https://msazure.pkgs.visualstudio.com/One/_packaging/Sentinel/npm/registry/nopt/-/nopt-1.0.10.tgz",
      "integrity": "sha1-bd0hvSoxQXuScn3Vhfim83YI6+4=",
      "requires": {
        "abbrev": "1"
      }
    },
    "normalize-path": {
      "version": "3.0.0",
      "resolved": "https://msazure.pkgs.visualstudio.com/One/_packaging/Sentinel/npm/registry/normalize-path/-/normalize-path-3.0.0.tgz",
      "integrity": "sha1-Dc1p/yOhybEf0JeDFmRKA4ghamU="
    },
    "picomatch": {
      "version": "2.3.1",
      "resolved": "https://msazure.pkgs.visualstudio.com/One/_packaging/Sentinel/npm/registry/picomatch/-/picomatch-2.3.1.tgz",
      "integrity": "sha1-O6ODNzNkbZ0+SZWUbBNlpn+wekI="
    },
    "pstree.remy": {
      "version": "1.1.8",
      "resolved": "https://msazure.pkgs.visualstudio.com/One/_packaging/Sentinel/npm/registry/pstree.remy/-/pstree.remy-1.1.8.tgz",
      "integrity": "sha1-wkIiT0pnwh9oaDm720rCgrg3PTo="
    },
    "readdirp": {
      "version": "3.6.0",
      "resolved": "https://msazure.pkgs.visualstudio.com/One/_packaging/Sentinel/npm/registry/readdirp/-/readdirp-3.6.0.tgz",
      "integrity": "sha1-dKNwvYVxFuJFspzJc0DNQxoCpsc=",
      "requires": {
        "picomatch": "^2.2.1"
      }
    },
    "semver": {
      "version": "5.7.1",
      "resolved": "https://msazure.pkgs.visualstudio.com/One/_packaging/Sentinel/npm/registry/semver/-/semver-5.7.1.tgz",
      "integrity": "sha1-qVT5Ma66UI0we78Gnv8MAclhFvc="
    },
    "simple-update-notifier": {
      "version": "1.1.0",
      "resolved": "https://msazure.pkgs.visualstudio.com/One/_packaging/Sentinel/npm/registry/simple-update-notifier/-/simple-update-notifier-1.1.0.tgz",
      "integrity": "sha1-Z2lMEh3jVK9ZKzR826eYRj7UnII=",
      "requires": {
        "semver": "~7.0.0"
      },
      "dependencies": {
        "semver": {
          "version": "7.0.0",
          "resolved": "https://msazure.pkgs.visualstudio.com/One/_packaging/Sentinel/npm/registry/semver/-/semver-7.0.0.tgz",
          "integrity": "sha1-XzyjV2HkfgWyBsba/yz4FPAxa44="
        }
      }
    },
    "supports-color": {
      "version": "5.5.0",
      "resolved": "https://msazure.pkgs.visualstudio.com/One/_packaging/Sentinel/npm/registry/supports-color/-/supports-color-5.5.0.tgz",
      "integrity": "sha1-4uaaRKyHcveKHsCzW2id9lMO/I8=",
      "requires": {
        "has-flag": "^3.0.0"
      }
    },
    "to-regex-range": {
      "version": "5.0.1",
      "resolved": "https://msazure.pkgs.visualstudio.com/One/_packaging/Sentinel/npm/registry/to-regex-range/-/to-regex-range-5.0.1.tgz",
      "integrity": "sha1-FkjESq58jZiKMmAY7XL1tN0DkuQ=",
      "requires": {
        "is-number": "^7.0.0"
      }
    },
    "touch": {
      "version": "3.1.0",
      "resolved": "https://msazure.pkgs.visualstudio.com/One/_packaging/Sentinel/npm/registry/touch/-/touch-3.1.0.tgz",
      "integrity": "sha1-/jZfX3XsntTlaCXgu3bSSrdK+Ds=",
      "requires": {
        "nopt": "~1.0.10"
      }
    },
    "ts-node": {
      "version": "10.9.1",
      "resolved": "https://msazure.pkgs.visualstudio.com/One/_packaging/Sentinel/npm/registry/ts-node/-/ts-node-10.9.1.tgz",
      "integrity": "sha1-5z3pEClYr54fCxaKb/Mg4lrc/0s=",
      "requires": {
        "@cspotcode/source-map-support": "^0.8.0",
        "@tsconfig/node10": "^1.0.7",
        "@tsconfig/node12": "^1.0.7",
        "@tsconfig/node14": "^1.0.0",
        "@tsconfig/node16": "^1.0.2",
        "acorn": "^8.4.1",
        "acorn-walk": "^8.1.1",
        "arg": "^4.1.0",
        "create-require": "^1.1.0",
        "diff": "^4.0.1",
        "make-error": "^1.1.1",
        "v8-compile-cache-lib": "^3.0.1",
        "yn": "3.1.1"
      }
    },
    "tslib": {
      "version": "2.4.1",
      "resolved": "https://msazure.pkgs.visualstudio.com/One/_packaging/Sentinel/npm/registry/tslib/-/tslib-2.4.1.tgz",
      "integrity": "sha1-DQv7qsKIC5HiLfB2jlW+l1OlsX4="
    },
    "typescript": {
      "version": "4.9.3",
      "resolved": "https://msazure.pkgs.visualstudio.com/One/_packaging/Sentinel/npm/registry/typescript/-/typescript-4.9.3.tgz",
      "integrity": "sha1-OuowfBdGuMOEQ12Kw2uKLlgNhds="
    },
    "undefsafe": {
      "version": "2.0.5",
      "resolved": "https://msazure.pkgs.visualstudio.com/One/_packaging/Sentinel/npm/registry/undefsafe/-/undefsafe-2.0.5.tgz",
      "integrity": "sha1-OHM7kye9zSJtuIn7cjpu/RYubiw="
    },
    "v8-compile-cache-lib": {
      "version": "3.0.1",
      "resolved": "https://msazure.pkgs.visualstudio.com/One/_packaging/Sentinel/npm/registry/v8-compile-cache-lib/-/v8-compile-cache-lib-3.0.1.tgz",
      "integrity": "sha1-Yzbo1xllyz01obu3hoRFp8BSZL8="
    },
    "yn": {
      "version": "3.1.1",
      "resolved": "https://msazure.pkgs.visualstudio.com/One/_packaging/Sentinel/npm/registry/yn/-/yn-3.1.1.tgz",
      "integrity": "sha1-HodAGgnXZ8HV6rJqbkwYUYLS61A="
    }
  }
}
